
Microsoft Visual Studio Solution File, Format Version 12.00
# Visual Studio Version 17
VisualStudioVersion = 17.4.33103.184
MinimumVisualStudioVersion = 10.0.40219.1
Project("{2150E333-8FDC-42A3-9474-1A3956D46DE8}") = "src", "src", "{4292B0BB-B6FB-4CB0-AED9-8956056D5AB9}"
EndProject
Project("{2150E333-8FDC-42A3-9474-1A3956D46DE8}") = "ocelot", "ocelot", "{024F71B2-21BF-4445-9C85-12565D13CD03}"
EndProject
Project("{2150E333-8FDC-42A3-9474-1A3956D46DE8}") = "interface", "interface", "{751AFFF6-00B5-4E1E-A9E9-EB4046907A27}"
EndProject
Project("{9A19103F-16F7-4668-BE54-9A1E7A4F7556}") = "Cloud.Ocelot.Web", "Gateways\Cloud.Ocelot.Web\Cloud.Ocelot.Web.csproj", "{AFCCB76E-3E04-469A-90A2-4FA4057EE4A2}"
EndProject
Project("{9A19103F-16F7-4668-BE54-9A1E7A4F7556}") = "Cloud.Platform.Service", "Services\Platform\Cloud.Platform.Application\Cloud.Platform.Service.csproj", "{57C38C33-2E51-488D-87DF-29ED7026878F}"
EndProject
Project("{9A19103F-16F7-4668-BE54-9A1E7A4F7556}") = "Cloud.Platform.Web", "Services\Platform\Cloud.Platform.Web\Cloud.Platform.Web.csproj", "{40ADBBAC-E06C-4BD1-8BF4-000DEE67C39A}"
EndProject
Project("{2150E333-8FDC-42A3-9474-1A3956D46DE8}") = "01.Platform", "01.Platform", "{9497EA36-A83F-411A-9947-EE4DBF7EF5DF}"
EndProject
Project("{9A19103F-16F7-4668-BE54-9A1E7A4F7556}") = "Cloud.Platform.Model", "Services\Platform\Cloud.Platform.Model\Cloud.Platform.Model.csproj", "{D4A661A1-3B05-430D-9F72-7FCD22839582}"
EndProject
Project("{9A19103F-16F7-4668-BE54-9A1E7A4F7556}") = "Cloud.Infra.Repository", "Infrastructures\Cloud.Infra.Repository\Cloud.Infra.Repository.csproj", "{E682AAED-AA44-4B43-B717-2BEF4DE5F4FA}"
EndProject
Project("{9A19103F-16F7-4668-BE54-9A1E7A4F7556}") = "Cloud.Infra.Redis", "Infrastructures\Cloud.Infra.Redis\Cloud.Infra.Redis.csproj", "{F2F3625A-0060-4A46-AFB5-C842283DEFDD}"
EndProject
Project("{9A19103F-16F7-4668-BE54-9A1E7A4F7556}") = "Cloud.Infra.Core", "Infrastructures\Cloud.Infra.Core\Cloud.Infra.Core.csproj", "{0760CEFB-4A56-47D9-85A9-BB3969702B6A}"
EndProject
Project("{9A19103F-16F7-4668-BE54-9A1E7A4F7556}") = "Cloud.Infra.WebApi", "Infrastructures\Cloud.Infra.WebApi\Cloud.Infra.WebApi.csproj", "{BDC0BF29-0291-44BC-AE6B-9DC078BED90E}"
EndProject
Project("{9A19103F-16F7-4668-BE54-9A1E7A4F7556}") = "Cloud.Infra.EventBus", "Infrastructures\Cloud.Infra.EventBus\Cloud.Infra.EventBus.csproj", "{3E99C649-DEF9-4CD2-AD9C-3E093C3A746C}"
EndProject
Project("{2150E333-8FDC-42A3-9474-1A3956D46DE8}") = "02.Blog", "02.Blog", "{7D80E279-FC21-400F-8832-03128369209C}"
EndProject
Project("{9A19103F-16F7-4668-BE54-9A1E7A4F7556}") = "Cloud.Blog.Model", "Services\Blog\Cloud.Blog.Model\Cloud.Blog.Model.csproj", "{FFDAAE06-750D-4229-995E-3C3929A40A74}"
EndProject
Project("{9A19103F-16F7-4668-BE54-9A1E7A4F7556}") = "Cloud.Blog.Web", "Services\Blog\Cloud.Blog.Web\Cloud.Blog.Web.csproj", "{3A1FFBB2-64C1-4442-A508-19A0F731A42F}"
EndProject
Project("{9A19103F-16F7-4668-BE54-9A1E7A4F7556}") = "Cloud.Infra.Auth", "Infrastructures\Cloud.Infra.Auth\Cloud.Infra.Auth.csproj", "{F881DAC5-B558-4007-9CAB-C5B07BC41EDB}"
EndProject
Project("{2150E333-8FDC-42A3-9474-1A3956D46DE8}") = "Solution Items", "Solution Items", "{6DBF90FF-F9EE-4C75-B6C6-401CA4BD4F7D}"
	ProjectSection(SolutionItems) = preProject
		.editorconfig = .editorconfig
	EndProjectSection
EndProject
Project("{9A19103F-16F7-4668-BE54-9A1E7A4F7556}") = "Cloud.Platform.Repository", "Services\Platform\Cloud.Platform.Repository\Cloud.Platform.Repository.csproj", "{00085CAB-9333-4CFF-8374-507701105328}"
EndProject
Project("{9A19103F-16F7-4668-BE54-9A1E7A4F7556}") = "Cloud.Blog.Repository", "Services\Blog\Cloud.Blog.Repository\Cloud.Blog.Repository.csproj", "{27C9D7FE-F26A-47E3-AD27-24AC8AFDDCFD}"
EndProject
Project("{9A19103F-16F7-4668-BE54-9A1E7A4F7556}") = "Cloud.Blog.Service", "Services\Blog\Cloud.Blog.Service\Cloud.Blog.Service.csproj", "{838ED98E-547F-4CF3-A35A-7C9B08B00219}"
EndProject
Global
	GlobalSection(SolutionConfigurationPlatforms) = preSolution
		Debug|Any CPU = Debug|Any CPU
		Release|Any CPU = Release|Any CPU
	EndGlobalSection
	GlobalSection(ProjectConfigurationPlatforms) = postSolution
		{AFCCB76E-3E04-469A-90A2-4FA4057EE4A2}.Debug|Any CPU.ActiveCfg = Debug|Any CPU
		{AFCCB76E-3E04-469A-90A2-4FA4057EE4A2}.Debug|Any CPU.Build.0 = Debug|Any CPU
		{AFCCB76E-3E04-469A-90A2-4FA4057EE4A2}.Release|Any CPU.ActiveCfg = Release|Any CPU
		{AFCCB76E-3E04-469A-90A2-4FA4057EE4A2}.Release|Any CPU.Build.0 = Release|Any CPU
		{57C38C33-2E51-488D-87DF-29ED7026878F}.Debug|Any CPU.ActiveCfg = Debug|Any CPU
		{57C38C33-2E51-488D-87DF-29ED7026878F}.Debug|Any CPU.Build.0 = Debug|Any CPU
		{57C38C33-2E51-488D-87DF-29ED7026878F}.Release|Any CPU.ActiveCfg = Release|Any CPU
		{57C38C33-2E51-488D-87DF-29ED7026878F}.Release|Any CPU.Build.0 = Release|Any CPU
		{40ADBBAC-E06C-4BD1-8BF4-000DEE67C39A}.Debug|Any CPU.ActiveCfg = Debug|Any CPU
		{40ADBBAC-E06C-4BD1-8BF4-000DEE67C39A}.Debug|Any CPU.Build.0 = Debug|Any CPU
		{40ADBBAC-E06C-4BD1-8BF4-000DEE67C39A}.Release|Any CPU.ActiveCfg = Release|Any CPU
		{40ADBBAC-E06C-4BD1-8BF4-000DEE67C39A}.Release|Any CPU.Build.0 = Release|Any CPU
		{D4A661A1-3B05-430D-9F72-7FCD22839582}.Debug|Any CPU.ActiveCfg = Debug|Any CPU
		{D4A661A1-3B05-430D-9F72-7FCD22839582}.Debug|Any CPU.Build.0 = Debug|Any CPU
		{D4A661A1-3B05-430D-9F72-7FCD22839582}.Release|Any CPU.ActiveCfg = Release|Any CPU
		{D4A661A1-3B05-430D-9F72-7FCD22839582}.Release|Any CPU.Build.0 = Release|Any CPU
		{E682AAED-AA44-4B43-B717-2BEF4DE5F4FA}.Debug|Any CPU.ActiveCfg = Debug|Any CPU
		{E682AAED-AA44-4B43-B717-2BEF4DE5F4FA}.Debug|Any CPU.Build.0 = Debug|Any CPU
		{E682AAED-AA44-4B43-B717-2BEF4DE5F4FA}.Release|Any CPU.ActiveCfg = Release|Any CPU
		{E682AAED-AA44-4B43-B717-2BEF4DE5F4FA}.Release|Any CPU.Build.0 = Release|Any CPU
		{F2F3625A-0060-4A46-AFB5-C842283DEFDD}.Debug|Any CPU.ActiveCfg = Debug|Any CPU
		{F2F3625A-0060-4A46-AFB5-C842283DEFDD}.Debug|Any CPU.Build.0 = Debug|Any CPU
		{F2F3625A-0060-4A46-AFB5-C842283DEFDD}.Release|Any CPU.ActiveCfg = Release|Any CPU
		{F2F3625A-0060-4A46-AFB5-C842283DEFDD}.Release|Any CPU.Build.0 = Release|Any CPU
		{0760CEFB-4A56-47D9-85A9-BB3969702B6A}.Debug|Any CPU.ActiveCfg = Debug|Any CPU
		{0760CEFB-4A56-47D9-85A9-BB3969702B6A}.Debug|Any CPU.Build.0 = Debug|Any CPU
		{0760CEFB-4A56-47D9-85A9-BB3969702B6A}.Release|Any CPU.ActiveCfg = Release|Any CPU
		{0760CEFB-4A56-47D9-85A9-BB3969702B6A}.Release|Any CPU.Build.0 = Release|Any CPU
		{BDC0BF29-0291-44BC-AE6B-9DC078BED90E}.Debug|Any CPU.ActiveCfg = Debug|Any CPU
		{BDC0BF29-0291-44BC-AE6B-9DC078BED90E}.Debug|Any CPU.Build.0 = Debug|Any CPU
		{BDC0BF29-0291-44BC-AE6B-9DC078BED90E}.Release|Any CPU.ActiveCfg = Release|Any CPU
		{BDC0BF29-0291-44BC-AE6B-9DC078BED90E}.Release|Any CPU.Build.0 = Release|Any CPU
		{3E99C649-DEF9-4CD2-AD9C-3E093C3A746C}.Debug|Any CPU.ActiveCfg = Debug|Any CPU
		{3E99C649-DEF9-4CD2-AD9C-3E093C3A746C}.Debug|Any CPU.Build.0 = Debug|Any CPU
		{3E99C649-DEF9-4CD2-AD9C-3E093C3A746C}.Release|Any CPU.ActiveCfg = Release|Any CPU
		{3E99C649-DEF9-4CD2-AD9C-3E093C3A746C}.Release|Any CPU.Build.0 = Release|Any CPU
		{FFDAAE06-750D-4229-995E-3C3929A40A74}.Debug|Any CPU.ActiveCfg = Debug|Any CPU
		{FFDAAE06-750D-4229-995E-3C3929A40A74}.Debug|Any CPU.Build.0 = Debug|Any CPU
		{FFDAAE06-750D-4229-995E-3C3929A40A74}.Release|Any CPU.ActiveCfg = Release|Any CPU
		{FFDAAE06-750D-4229-995E-3C3929A40A74}.Release|Any CPU.Build.0 = Release|Any CPU
		{3A1FFBB2-64C1-4442-A508-19A0F731A42F}.Debug|Any CPU.ActiveCfg = Debug|Any CPU
		{3A1FFBB2-64C1-4442-A508-19A0F731A42F}.Debug|Any CPU.Build.0 = Debug|Any CPU
		{3A1FFBB2-64C1-4442-A508-19A0F731A42F}.Release|Any CPU.ActiveCfg = Release|Any CPU
		{3A1FFBB2-64C1-4442-A508-19A0F731A42F}.Release|Any CPU.Build.0 = Release|Any CPU
		{F881DAC5-B558-4007-9CAB-C5B07BC41EDB}.Debug|Any CPU.ActiveCfg = Debug|Any CPU
		{F881DAC5-B558-4007-9CAB-C5B07BC41EDB}.Debug|Any CPU.Build.0 = Debug|Any CPU
		{F881DAC5-B558-4007-9CAB-C5B07BC41EDB}.Release|Any CPU.ActiveCfg = Release|Any CPU
		{F881DAC5-B558-4007-9CAB-C5B07BC41EDB}.Release|Any CPU.Build.0 = Release|Any CPU
		{00085CAB-9333-4CFF-8374-507701105328}.Debug|Any CPU.ActiveCfg = Debug|Any CPU
		{00085CAB-9333-4CFF-8374-507701105328}.Debug|Any CPU.Build.0 = Debug|Any CPU
		{00085CAB-9333-4CFF-8374-507701105328}.Release|Any CPU.ActiveCfg = Release|Any CPU
		{00085CAB-9333-4CFF-8374-507701105328}.Release|Any CPU.Build.0 = Release|Any CPU
		{27C9D7FE-F26A-47E3-AD27-24AC8AFDDCFD}.Debug|Any CPU.ActiveCfg = Debug|Any CPU
		{27C9D7FE-F26A-47E3-AD27-24AC8AFDDCFD}.Debug|Any CPU.Build.0 = Debug|Any CPU
		{27C9D7FE-F26A-47E3-AD27-24AC8AFDDCFD}.Release|Any CPU.ActiveCfg = Release|Any CPU
		{27C9D7FE-F26A-47E3-AD27-24AC8AFDDCFD}.Release|Any CPU.Build.0 = Release|Any CPU
		{838ED98E-547F-4CF3-A35A-7C9B08B00219}.Debug|Any CPU.ActiveCfg = Debug|Any CPU
		{838ED98E-547F-4CF3-A35A-7C9B08B00219}.Debug|Any CPU.Build.0 = Debug|Any CPU
		{838ED98E-547F-4CF3-A35A-7C9B08B00219}.Release|Any CPU.ActiveCfg = Release|Any CPU
		{838ED98E-547F-4CF3-A35A-7C9B08B00219}.Release|Any CPU.Build.0 = Release|Any CPU
	EndGlobalSection
	GlobalSection(SolutionProperties) = preSolution
		HideSolutionNode = FALSE
	EndGlobalSection
	GlobalSection(NestedProjects) = preSolution
		{AFCCB76E-3E04-469A-90A2-4FA4057EE4A2} = {024F71B2-21BF-4445-9C85-12565D13CD03}
		{57C38C33-2E51-488D-87DF-29ED7026878F} = {9497EA36-A83F-411A-9947-EE4DBF7EF5DF}
		{40ADBBAC-E06C-4BD1-8BF4-000DEE67C39A} = {9497EA36-A83F-411A-9947-EE4DBF7EF5DF}
		{9497EA36-A83F-411A-9947-EE4DBF7EF5DF} = {4292B0BB-B6FB-4CB0-AED9-8956056D5AB9}
		{D4A661A1-3B05-430D-9F72-7FCD22839582} = {9497EA36-A83F-411A-9947-EE4DBF7EF5DF}
		{E682AAED-AA44-4B43-B717-2BEF4DE5F4FA} = {751AFFF6-00B5-4E1E-A9E9-EB4046907A27}
		{F2F3625A-0060-4A46-AFB5-C842283DEFDD} = {751AFFF6-00B5-4E1E-A9E9-EB4046907A27}
		{0760CEFB-4A56-47D9-85A9-BB3969702B6A} = {751AFFF6-00B5-4E1E-A9E9-EB4046907A27}
		{BDC0BF29-0291-44BC-AE6B-9DC078BED90E} = {751AFFF6-00B5-4E1E-A9E9-EB4046907A27}
		{3E99C649-DEF9-4CD2-AD9C-3E093C3A746C} = {751AFFF6-00B5-4E1E-A9E9-EB4046907A27}
		{7D80E279-FC21-400F-8832-03128369209C} = {4292B0BB-B6FB-4CB0-AED9-8956056D5AB9}
		{FFDAAE06-750D-4229-995E-3C3929A40A74} = {7D80E279-FC21-400F-8832-03128369209C}
		{3A1FFBB2-64C1-4442-A508-19A0F731A42F} = {7D80E279-FC21-400F-8832-03128369209C}
		{F881DAC5-B558-4007-9CAB-C5B07BC41EDB} = {751AFFF6-00B5-4E1E-A9E9-EB4046907A27}
		{00085CAB-9333-4CFF-8374-507701105328} = {9497EA36-A83F-411A-9947-EE4DBF7EF5DF}
		{27C9D7FE-F26A-47E3-AD27-24AC8AFDDCFD} = {7D80E279-FC21-400F-8832-03128369209C}
		{838ED98E-547F-4CF3-A35A-7C9B08B00219} = {7D80E279-FC21-400F-8832-03128369209C}
	EndGlobalSection
	GlobalSection(ExtensibilityGlobals) = postSolution
		SolutionGuid = {5533ACA3-040B-4BF8-A286-741553B71FB6}
	EndGlobalSection
EndGlobal
